
Microsoft Visual Studio Solution File, Format Version 10.00
# Visual Studio 2008
Project("{8BC9CEB8-8B4A-11D0-8D11-00A0C91BC942}") = "T05DET", "T05DET.vcproj", "{9A81B79C-EE60-4D56-B4FC-D2FB7FD14253}"
EndProject
Global
	GlobalSection(SolutionConfigurationPlatforms) = preSolution
		Debug|Win32 = Debug|Win32
		Release|Win32 = Release|Win32
	EndGlobalSection
	GlobalSection(ProjectConfigurationPlatforms) = postSolution
		{9A81B79C-EE60-4D56-B4FC-D2FB7FD14253}.Debug|Win32.ActiveCfg = Debug|Win32
		{9A81B79C-EE60-4D56-B4FC-D2FB7FD14253}.Debug|Win32.Build.0 = Debug|Win32
		{9A81B79C-EE60-4D56-B4FC-D2FB7FD14253}.Release|Win32.ActiveCfg = Release|Win32
		{9A81B79C-EE60-4D56-B4FC-D2FB7FD14253}.Release|Win32.Build.0 = Release|Win32
	EndGlobalSection
	GlobalSection(SolutionProperties) = preSolution
		HideSolutionNode = FALSE
	EndGlobalSection
EndGlobal
